// !$*UTF8*$!
{
	archiveVersion = 1;
	classes = {
	};
	objectVersion = 46;
	objects = {

/* Begin PBXBuildFile section */
		00290E7E1DF69BC300D2186E /* AppDelegate.swift in Sources */ = {isa = PBXBuildFile; fileRef = 00290E7D1DF69BC300D2186E /* AppDelegate.swift */; };
		00290E801DF69BC300D2186E /* ViewController.swift in Sources */ = {isa = PBXBuildFile; fileRef = 00290E7F1DF69BC300D2186E /* ViewController.swift */; };
		00290E831DF69BC300D2186E /* Main.storyboard in Resources */ = {isa = PBXBuildFile; fileRef = 00290E811DF69BC300D2186E /* Main.storyboard */; };
		00290E851DF69BC300D2186E /* Assets.xcassets in Resources */ = {isa = PBXBuildFile; fileRef = 00290E841DF69BC300D2186E /* Assets.xcassets */; };
		00290E881DF69BC300D2186E /* LaunchScreen.storyboard in Resources */ = {isa = PBXBuildFile; fileRef = 00290E861DF69BC300D2186E /* LaunchScreen.storyboard */; };
/* End PBXBuildFile section */

/* Begin PBXFileReference section */
		00290E7A1DF69BC300D2186E /* Exercise-PushingToGithub.app */ = {isa = PBXFileReference; explicitFileType = wrapper.application; includeInIndex = 0; path = "Exercise-PushingToGithub.app"; sourceTree = BUILT_PRODUCTS_DIR; };
		00290E7D1DF69BC300D2186E /* AppDelegate.swift */ = {isa = PBXFileReference; lastKnownFileType = sourcecode.swift; path = AppDelegate.swift; sourceTree = "<group>"; };
		00290E7F1DF69BC300D2186E /* ViewController.swift */ = {isa = PBXFileReference; lastKnownFileType = sourcecode.swift; path = ViewController.swift; sourceTree = "<group>"; };
		00290E821DF69BC300D2186E /* Base */ = {isa = PBXFileReference; lastKnownFileType = file.storyboard; name = Base; path = Base.lproj/Main.storyboard; sourceTree = "<group>"; };
		00290E841DF69BC300D2186E /* Assets.xcassets */ = {isa = PBXFileReference; lastKnownFileType = folder.assetcatalog; path = Assets.xcassets; sourceTree = "<group>"; };
		00290E871DF69BC300D2186E /* Base */ = {isa = PBXFileReference; lastKnownFileType = file.storyboard; name = Base; path = Base.lproj/LaunchScreen.storyboard; sourceTree = "<group>"; };
		00290E891DF69BC300D2186E /* Info.plist */ = {isa = PBXFileReference; lastKnownFileType = text.plist.xml; path = Info.plist; sourceTree = "<group>"; };
/* End PBXFileReference section */

/* Begin PBXFrameworksBuildPhase section */
		00290E771DF69BC300D2186E /* Frameworks */ = {
			isa = PBXFrameworksBuildPhase;
			buildActionMask = 2147483647;
			files = (
			);
			runOnlyForDeploymentPostprocessing = 0;
		};
/* End PBXFrameworksBuildPhase section */

/* Begin PBXGroup section */
		00290E711DF69BC300D2186E = {
			isa = PBXGroup;
			children = (
				00290E7C1DF69BC300D2186E /* Exercise-PushingToGithub */,
				00290E7B1DF69BC300D2186E /* Products */,
			);
			sourceTree = "<group>";
		};
		00290E7B1DF69BC300D2186E /* Products */ = {
			isa = PBXGroup;
			children = (
				00290E7A1DF69BC300D2186E /* Exercise-PushingToGithub.app */,
			);
			name = Products;
			sourceTree = "<group>";
		};
		00290E7C1DF69BC300D2186E /* Exercise-PushingToGithub */ = {
			isa = PBXGroup;
			children = (
				00290E7D1DF69BC300D2186E /* AppDelegate.swift */,
				00290E7F1DF69BC300D2186E /* ViewController.swift */,
				00290E811DF69BC300D2186E /* Main.storyboard */,
				00290E841DF69BC300D2186E /* Assets.xcassets */,
				00290E861DF69BC300D2186E /* LaunchScreen.storyboard */,
				00290E891DF69BC300D2186E /* Info.plist */,
			);
			path = "Exercise-PushingToGithub";
			sourceTree = "<group>";
		};
/* End PBXGroup section */

/* Begin PBXNativeTarget section */
		00290E791DF69BC300D2186E /* Exercise-PushingToGithub */ = {
			isa = PBXNativeTarget;
			buildConfigurationList = 00290E8C1DF69BC300D2186E /* Build configuration list for PBXNativeTarget "Exercise-PushingToGithub" */;
			buildPhases = (
				00290E761DF69BC300D2186E /* Sources */,
				00290E771DF69BC300D2186E /* Frameworks */,
				00290E781DF69BC300D2186E /* Resources */,
			);
			buildRules = (
			);
			dependencies = (
			);
			name = "Exercise-PushingToGithub";
			productName = "Exercise-PushingToGithub";
			productReference = 00290E7A1DF69BC300D2186E /* Exercise-PushingToGithub.app */;
			productType = "com.apple.product-type.application";
		};
/* End PBXNativeTarget section */

/* Begin PBXProject section */
		00290E721DF69BC300D2186E /* Project object */ = {
			isa = PBXProject;
			attributes = {
				LastSwiftUpdateCheck = 0810;
				LastUpgradeCheck = 0810;
				ORGANIZATIONNAME = "Lucas Industries";
				TargetAttributes = {
					00290E791DF69BC300D2186E = {
						CreatedOnToolsVersion = 8.1;
						ProvisioningStyle = Automatic;
					};
				};
			};
			buildConfigurationList = 00290E751DF69BC300D2186E /* Build configuration list for PBXProject "Exercise-PushingToGithub" */;
			compatibilityVersion = "Xcode 3.2";
			developmentRegion = English;
			hasScannedForEncodings = 0;
			knownRegions = (
				en,
				Base,
			);
			mainGroup = 00290E711DF69BC300D2186E;
			productRefGroup = 00290E7B1DF69BC300D2186E /* Products */;
			projectDirPath = "";
			projectRoot = "";
			targets = (
				00290E791DF69BC300D2186E /* Exercise-PushingToGithub */,
			);
		};
/* End PBXProject section */

/* Begin PBXResourcesBuildPhase section */
		00290E781DF69BC300D2186E /* Resources */ = {
			isa = PBXResourcesBuildPhase;
			buildActionMask = 2147483647;
			files = (
				00290E881DF69BC300D2186E /* LaunchScreen.storyboard in Resources */,
				00290E851DF69BC300D2186E /* Assets.xcassets in Resources */,
				00290E831DF69BC300D2186E /* Main.storyboard in Resources */,
			);
			runOnlyForDeploymentPostprocessing = 0;
		};
/* End PBXResourcesBuildPhase section */

/* Begin PBXSourcesBuildPhase section */
		00290E761DF69BC300D2186E /* Sources */ = {
			isa = PBXSourcesBuildPhase;
			buildActionMask = 2147483647;
			files = (
				00290E801DF69BC300D2186E /* ViewController.swift in Sources */,
				00290E7E1DF69BC300D2186E /* AppDelegate.swift in Sources */,
			);
			runOnlyForDeploymentPostprocessing = 0;
		};
/* End PBXSourcesBuildPhase section */

/* Begin PBXVariantGroup section */
		00290E811DF69BC300D2186E /* Main.storyboard */ = {
			isa = PBXVariantGroup;
			children = (
				00290E821DF69BC300D2186E /* Base */,
			);
			name = Main.storyboard;
			sourceTree = "<group>";
		};
		00290E861DF69BC300D2186E /* LaunchScreen.storyboard */ = {
			isa = PBXVariantGroup;
			children = (
				00290E871DF69BC300D2186E /* Base */,
			);
			name = LaunchScreen.storyboard;
			sourceTree = "<group>";
		};
/* End PBXVariantGroup section */

/* Begin XCBuildConfiguration section */
		00290E8A1DF69BC300D2186E /* Debug */ = {
			isa = XCBuildConfiguration;
			buildSettings = {
				ALWAYS_SEARCH_USER_PATHS = NO;
				CLANG_ANALYZER_NONNULL = YES;
				CLANG_CXX_LANGUAGE_STANDARD = "gnu++0x";
				CLANG_CXX_LIBRARY = "libc++";
				CLANG_ENABLE_MODULES = YES;
				CLANG_ENABLE_OBJC_ARC = YES;
				CLANG_WARN_BOOL_CONVERSION = YES;
				CLANG_WARN_CONSTANT_CONVERSION = YES;
				CLANG_WARN_DIRECT_OBJC_ISA_USAGE = YES_ERROR;
				CLANG_WARN_DOCUMENTATION_COMMENTS = YES;
				CLANG_WARN_EMPTY_BODY = YES;
				CLANG_WARN_ENUM_CONVERSION = YES;
				CLANG_WARN_INFINITE_RECURSION = YES;
				CLANG_WARN_INT_CONVERSION = YES;
				CLANG_WARN_OBJC_ROOT_CLASS = YES_ERROR;
				CLANG_WARN_SUSPICIOUS_MOVES = YES;
				CLANG_WARN_UNREACHABLE_CODE = YES;
				CLANG_WARN__DUPLICATE_METHOD_MATCH = YES;
				"CODE_SIGN_IDENTITY[sdk=iphoneos*]" = "iPhone Developer";
				COPY_PHASE_STRIP = NO;
				DEBUG_INFORMATION_FORMAT = dwarf;
				ENABLE_STRICT_OBJC_MSGSEND = YES;
				ENABLE_TESTABILITY = YES;
				GCC_C_LANGUAGE_STANDARD = gnu99;
				GCC_DYNAMIC_NO_PIC = NO;
				GCC_NO_COMMON_BLOCKS = YES;
				GCC_OPTIMIZATION_LEVEL = 0;
				GCC_PREPROCESSOR_DEFINITIONS = (
					"DEBUG=1",
					"$(inherited)",
				);
				GCC_WARN_64_TO_32_BIT_CONVERSION = YES;
				GCC_WARN_ABOUT_RETURN_TYPE = YES_ERROR;
				GCC_WARN_UNDECLARED_SELECTOR = YES;
				GCC_WARN_UNINITIALIZED_AUTOS = YES_AGGRESSIVE;
				GCC_WARN_UNUSED_FUNCTION = YES;
				GCC_WARN_UNUSED_VARIABLE = YES;
				IPHONEOS_DEPLOYMENT_TARGET = 10.1;
				MTL_ENABLE_DEBUG_INFO = YES;
				ONLY_ACTIVE_ARCH = YES;
				SDKROOT = iphoneos;
				SWIFT_ACTIVE_COMPILATION_CONDITIONS = DEBUG;
				SWIFT_OPTIMIZATION_LEVEL = "-Onone";
			};
			name = Debug;
		};
		00290E8B1DF69BC300D2186E /* Release */ = {
			isa = XCBuildConfiguration;
			buildSettings = {
				ALWAYS_SEARCH_USER_PATHS = NO;
				CLANG_ANALYZER_NONNULL = YES;
				CLANG_CXX_LANGUAGE_STANDARD = "gnu++0x";
				CLANG_CXX_LIBRARY = "libc++";
				CLANG_ENABLE_MODULES = YES;
				CLANG_ENABLE_OBJC_ARC = YES;
				CLANG_WARN_BOOL_CONVERSION = YES;
				CLANG_WARN_CONSTANT_CONVERSION = YES;
				CLANG_WARN_DIRECT_OBJC_ISA_USAGE = YES_ERROR;
				CLANG_WARN_DOCUMENTATION_COMMENTS = YES;
				CLANG_WARN_EMPTY_BODY = YES;
				CLANG_WARN_ENUM_CONVERSION = YES;
				CLANG_WARN_INFINITE_RECURSION = YES;
				CLANG_WARN_INT_CONVERSION = YES;
				CLANG_WARN_OBJC_ROOT_CLASS = YES_ERROR;
				CLANG_WARN_SUSPICIOUS_MOVES = YES;
				CLANG_WARN_UNREACHABLE_CODE = YES;
				CLANG_WARN__DUPLICATE_METHOD_MATCH = YES;
				"CODE_SIGN_IDENTITY[sdk=iphoneos*]" = "iPhone Developer";
				COPY_PHASE_STRIP = NO;
				DEBUG_INFORMATION_FORMAT = "dwarf-with-dsym";
				ENABLE_NS_ASSERTIONS = NO;
				ENABLE_STRICT_OBJC_MSGSEND = YES;
				GCC_C_LANGUAGE_STANDARD = gnu99;
				GCC_NO_COMMON_BLOCKS = YES;
				GCC_WARN_64_TO_32_BIT_CONVERSION = YES;
				GCC_WARN_ABOUT_RETURN_TYPE = YES_ERROR;
				GCC_WARN_UNDECLARED_SELECTOR = YES;
				GCC_WARN_UNINITIALIZED_AUTOS = YES_AGGRESSIVE;
				GCC_WARN_UNUSED_FUNCTION = YES;
				GCC_WARN_UNUSED_VARIABLE = YES;
				IPHONEOS_DEPLOYMENT_TARGET = 10.1;
				MTL_ENABLE_DEBUG_INFO = NO;
				SDKROOT = iphoneos;
				SWIFT_OPTIMIZATION_LEVEL = "-Owholemodule";
				VALIDATE_PRODUCT = YES;
			};
			name = Release;
		};
		00290E8D1DF69BC300D2186E /* Debug */ = {
			isa = XCBuildConfiguration;
			buildSettings = {
				ASSETCATALOG_COMPILER_APPICON_NAME = AppIcon;
				INFOPLIST_FILE = "Exercise-PushingToGithub/Info.plist";
				LD_RUNPATH_SEARCH_PATHS = "$(inherited) @executable_path/Frameworks";
				PRODUCT_BUNDLE_IDENTIFIER = "com.Lucas-Industries.Exercise-PushingToGithub";
				PRODUCT_NAME = "$(TARGET_NAME)";
				SWIFT_VERSION = 3.0;
			};
			name = Debug;
		};
		00290E8E1DF69BC300D2186E /* Release */ = {
			isa = XCBuildConfiguration;
			buildSettings = {
				ASSETCATALOG_COMPILER_APPICON_NAME = AppIcon;
				INFOPLIST_FILE = "Exercise-PushingToGithub/Info.plist";
				LD_RUNPATH_SEARCH_PATHS = "$(inherited) @executable_path/Frameworks";
				PRODUCT_BUNDLE_IDENTIFIER = "com.Lucas-Industries.Exercise-PushingToGithub";
				PRODUCT_NAME = "$(TARGET_NAME)";
				SWIFT_VERSION = 3.0;
			};
			name = Release;
		};
/* End XCBuildConfiguration section */

/* Begin XCConfigurationList section */
		00290E751DF69BC300D2186E /* Build configuration list for PBXProject "Exercise-PushingToGithub" */ = {
			isa = XCConfigurationList;
			buildConfigurations = (
				00290E8A1DF69BC300D2186E /* Debug */,
				00290E8B1DF69BC300D2186E /* Release */,
			);
			defaultConfigurationIsVisible = 0;
			defaultConfigurationName = Release;
		};
		00290E8C1DF69BC300D2186E /* Build configuration list for PBXNativeTarget "Exercise-PushingToGithub" */ = {
			isa = XCConfigurationList;
			buildConfigurations = (
				00290E8D1DF69BC300D2186E /* Debug */,
				00290E8E1DF69BC300D2186E /* Release */,
			);
			defaultConfigurationIsVisible = 0;
		};
/* End XCConfigurationList section */
	};
	rootObject = 00290E721DF69BC300D2186E /* Project object */;
}
